# THIS IS AN AUTOGENERATED FILE. DO NOT EDIT THIS FILE DIRECTLY.
# yarn lockfile v1


"@firebase/ai@1.x":
  version "1.4.1"
  resolved "https://registry.yarnpkg.com/@firebase/ai/-/ai-1.4.1.tgz#0088b793590c9eb554fe4587c9ee3e3a33032cb0"
  integrity sha512-bcusQfA/tHjUjBTnMx6jdoPMpDl3r8K15Z+snHz9wq0Foox0F/V+kNLXucEOHoTL2hTc9l+onZCyBJs2QoIC3g==
  dependencies:
    "@firebase/app-check-interop-types" "0.3.3"
    "@firebase/component" "0.6.18"
    "@firebase/logger" "0.4.4"
    "@firebase/util" "1.12.1"
    tslib "^2.1.0"

"@firebase/app-check-interop-types@0.3.3":
  version "0.3.3"
  resolved "https://registry.yarnpkg.com/@firebase/app-check-interop-types/-/app-check-interop-types-0.3.3.tgz#ed9c4a4f48d1395ef378f007476db3940aa5351a"
  integrity sha512-gAlxfPLT2j8bTI/qfe3ahl2I2YcBQ8cFIBdhAQA4I2f3TndcO+22YizyGYuttLHPQEpWkhmpFW60VCFEPg4g5A==

"@firebase/component@0.6.18":
  version "0.6.18"
  resolved "https://registry.yarnpkg.com/@firebase/component/-/component-0.6.18.tgz#df6d66b686bef287d472352afc67f17b7856e73d"
  integrity sha512-n28kPCkE2dL2U28fSxZJjzPPVpKsQminJ6NrzcKXAI0E/lYC8YhfwpyllScqVEvAI3J2QgJZWYgrX+1qGI+SQQ==
  dependencies:
    "@firebase/util" "1.12.1"
    tslib "^2.1.0"

"@firebase/logger@0.4.4":
  version "0.4.4"
  resolved "https://registry.yarnpkg.com/@firebase/logger/-/logger-0.4.4.tgz#29e8379d20fd1149349a195ee6deee4573a86f48"
  integrity sha512-mH0PEh1zoXGnaR8gD1DeGeNZtWFKbnz9hDO91dIml3iou1gpOnLqXQ2dJfB71dj6dpmUjcQ6phY3ZZJbjErr9g==
  dependencies:
    tslib "^2.1.0"

"@firebase/util@1.12.1":
  version "1.12.1"
  resolved "https://registry.yarnpkg.com/@firebase/util/-/util-1.12.1.tgz#158521a84a3f9fa23a841a29502df9b4ecd1174d"
  integrity sha512-zGlBn/9Dnya5ta9bX/fgEoNC3Cp8s6h+uYPYaDieZsFOAdHP/ExzQ/eaDgxD3GOROdPkLKpvKY0iIzr9adle0w==
  dependencies:
    tslib "^2.1.0"

tslib@^2.1.0:
  version "2.8.1"
  resolved "https://registry.npmjs.org/tslib/-/tslib-2.8.1.tgz"
  integrity sha512-oJFu94HQb+KVduSUQL7wnpmqnfmLsOA/nAh6b6EH0wCEoK0/mPeXU6c3wKDV83MkOuHPRHtSXKKU99IBazS/2w==
